// !$*UTF8*$!
{
	archiveVersion = 1;
	classes = {
	};
	objectVersion = 55;
	objects = {

/* Begin PBXBuildFile section */
		620FAF1A2870C27000D10200 /* Monopoly_HelperApp.swift in Sources */ = {isa = PBXBuildFile; fileRef = 620FAF192870C27000D10200 /* Monopoly_HelperApp.swift */; };
		620FAF1C2870C27000D10200 /* Home.swift in Sources */ = {isa = PBXBuildFile; fileRef = 620FAF1B2870C27000D10200 /* Home.swift */; };
		620FAF1E2870C27100D10200 /* Assets.xcassets in Resources */ = {isa = PBXBuildFile; fileRef = 620FAF1D2870C27100D10200 /* Assets.xcassets */; };
		620FAF212870C27100D10200 /* Preview Assets.xcassets in Resources */ = {isa = PBXBuildFile; fileRef = 620FAF202870C27100D10200 /* Preview Assets.xcassets */; };
		620FAF2B2870D01C00D10200 /* Chooser.swift in Sources */ = {isa = PBXBuildFile; fileRef = 620FAF2A2870D01C00D10200 /* Chooser.swift */; };
		620FAF662875E58000D10200 /* SettingsLabelView.swift in Sources */ = {isa = PBXBuildFile; fileRef = 620FAF652875E58000D10200 /* SettingsLabelView.swift */; };
		620FAF682875E59C00D10200 /* SettingsRowView.swift in Sources */ = {isa = PBXBuildFile; fileRef = 620FAF672875E59C00D10200 /* SettingsRowView.swift */; };
		620FAF6A2875E5D200D10200 /* SettingsView.swift in Sources */ = {isa = PBXBuildFile; fileRef = 620FAF692875E5D200D10200 /* SettingsView.swift */; };
		627A2B622875ED6100FB5000 /* HousingData.swift in Sources */ = {isa = PBXBuildFile; fileRef = 627A2B612875ED6100FB5000 /* HousingData.swift */; };
		627A2B652875EDFA00FB5000 /* HousingModel.swift in Sources */ = {isa = PBXBuildFile; fileRef = 627A2B642875EDFA00FB5000 /* HousingModel.swift */; };
		627A2B6B2875F61900FB5000 /* CardModel.swift in Sources */ = {isa = PBXBuildFile; fileRef = 627A2B6A2875F61900FB5000 /* CardModel.swift */; };
		627A2B6D2875F6C500FB5000 /* CardData.swift in Sources */ = {isa = PBXBuildFile; fileRef = 627A2B6C2875F6C500FB5000 /* CardData.swift */; };
		627A2B6F28761B1000FB5000 /* StartButtonView.swift in Sources */ = {isa = PBXBuildFile; fileRef = 627A2B6E28761B1000FB5000 /* StartButtonView.swift */; };
		627A2B7128761C4000FB5000 /* ChooserModel.swift in Sources */ = {isa = PBXBuildFile; fileRef = 627A2B7028761C4000FB5000 /* ChooserModel.swift */; };
		627A2B7328761CBB00FB5000 /* ChooserData.swift in Sources */ = {isa = PBXBuildFile; fileRef = 627A2B7228761CBB00FB5000 /* ChooserData.swift */; };
		627A2B7528761EC500FB5000 /* ChooserCardView.swift in Sources */ = {isa = PBXBuildFile; fileRef = 627A2B7428761EC500FB5000 /* ChooserCardView.swift */; };
		627A2B77287628FD00FB5000 /* Bankruptcy.swift in Sources */ = {isa = PBXBuildFile; fileRef = 627A2B76287628FD00FB5000 /* Bankruptcy.swift */; };
		627A2B792876290E00FB5000 /* HouseApp.swift in Sources */ = {isa = PBXBuildFile; fileRef = 627A2B782876290E00FB5000 /* HouseApp.swift */; };
		627A2B7B2876291C00FB5000 /* Mortgage.swift in Sources */ = {isa = PBXBuildFile; fileRef = 627A2B7A2876291C00FB5000 /* Mortgage.swift */; };
		627A2B7D2876292800FB5000 /* Unmortgage.swift in Sources */ = {isa = PBXBuildFile; fileRef = 627A2B7C2876292800FB5000 /* Unmortgage.swift */; };
/* End PBXBuildFile section */

/* Begin PBXFileReference section */
		620FAF162870C27000D10200 /* Monopoly Helper.app */ = {isa = PBXFileReference; explicitFileType = wrapper.application; includeInIndex = 0; path = "Monopoly Helper.app"; sourceTree = BUILT_PRODUCTS_DIR; };
		620FAF192870C27000D10200 /* Monopoly_HelperApp.swift */ = {isa = PBXFileReference; lastKnownFileType = sourcecode.swift; path = Monopoly_HelperApp.swift; sourceTree = "<group>"; };
		620FAF1B2870C27000D10200 /* Home.swift */ = {isa = PBXFileReference; lastKnownFileType = sourcecode.swift; path = Home.swift; sourceTree = "<group>"; };
		620FAF1D2870C27100D10200 /* Assets.xcassets */ = {isa = PBXFileReference; lastKnownFileType = folder.assetcatalog; path = Assets.xcassets; sourceTree = "<group>"; };
		620FAF202870C27100D10200 /* Preview Assets.xcassets */ = {isa = PBXFileReference; lastKnownFileType = folder.assetcatalog; path = "Preview Assets.xcassets"; sourceTree = "<group>"; };
		620FAF2A2870D01C00D10200 /* Chooser.swift */ = {isa = PBXFileReference; lastKnownFileType = sourcecode.swift; path = Chooser.swift; sourceTree = "<group>"; };
		620FAF652875E58000D10200 /* SettingsLabelView.swift */ = {isa = PBXFileReference; lastKnownFileType = sourcecode.swift; path = SettingsLabelView.swift; sourceTree = "<group>"; };
		620FAF672875E59C00D10200 /* SettingsRowView.swift */ = {isa = PBXFileReference; lastKnownFileType = sourcecode.swift; path = SettingsRowView.swift; sourceTree = "<group>"; };
		620FAF692875E5D200D10200 /* SettingsView.swift */ = {isa = PBXFileReference; lastKnownFileType = sourcecode.swift; path = SettingsView.swift; sourceTree = "<group>"; };
		627A2B612875ED6100FB5000 /* HousingData.swift */ = {isa = PBXFileReference; lastKnownFileType = sourcecode.swift; path = HousingData.swift; sourceTree = "<group>"; };
		627A2B642875EDFA00FB5000 /* HousingModel.swift */ = {isa = PBXFileReference; lastKnownFileType = sourcecode.swift; path = HousingModel.swift; sourceTree = "<group>"; };
		627A2B6A2875F61900FB5000 /* CardModel.swift */ = {isa = PBXFileReference; lastKnownFileType = sourcecode.swift; path = CardModel.swift; sourceTree = "<group>"; };
		627A2B6C2875F6C500FB5000 /* CardData.swift */ = {isa = PBXFileReference; lastKnownFileType = sourcecode.swift; path = CardData.swift; sourceTree = "<group>"; };
		627A2B6E28761B1000FB5000 /* StartButtonView.swift */ = {isa = PBXFileReference; lastKnownFileType = sourcecode.swift; path = StartButtonView.swift; sourceTree = "<group>"; };
		627A2B7028761C4000FB5000 /* ChooserModel.swift */ = {isa = PBXFileReference; lastKnownFileType = sourcecode.swift; path = ChooserModel.swift; sourceTree = "<group>"; };
		627A2B7228761CBB00FB5000 /* ChooserData.swift */ = {isa = PBXFileReference; lastKnownFileType = sourcecode.swift; path = ChooserData.swift; sourceTree = "<group>"; };
		627A2B7428761EC500FB5000 /* ChooserCardView.swift */ = {isa = PBXFileReference; lastKnownFileType = sourcecode.swift; path = ChooserCardView.swift; sourceTree = "<group>"; };
		627A2B76287628FD00FB5000 /* Bankruptcy.swift */ = {isa = PBXFileReference; lastKnownFileType = sourcecode.swift; path = Bankruptcy.swift; sourceTree = "<group>"; };
		627A2B782876290E00FB5000 /* HouseApp.swift */ = {isa = PBXFileReference; lastKnownFileType = sourcecode.swift; path = HouseApp.swift; sourceTree = "<group>"; };
		627A2B7A2876291C00FB5000 /* Mortgage.swift */ = {isa = PBXFileReference; lastKnownFileType = sourcecode.swift; path = Mortgage.swift; sourceTree = "<group>"; };
		627A2B7C2876292800FB5000 /* Unmortgage.swift */ = {isa = PBXFileReference; lastKnownFileType = sourcecode.swift; path = Unmortgage.swift; sourceTree = "<group>"; };
/* End PBXFileReference section */

/* Begin PBXFrameworksBuildPhase section */
		620FAF132870C27000D10200 /* Frameworks */ = {
			isa = PBXFrameworksBuildPhase;
			buildActionMask = 2147483647;
			files = (
			);
			runOnlyForDeploymentPostprocessing = 0;
		};
/* End PBXFrameworksBuildPhase section */

/* Begin PBXGroup section */
		620FAF0D2870C27000D10200 = {
			isa = PBXGroup;
			children = (
				620FAF182870C27000D10200 /* Monopoly Helper */,
				620FAF172870C27000D10200 /* Products */,
			);
			sourceTree = "<group>";
		};
		620FAF172870C27000D10200 /* Products */ = {
			isa = PBXGroup;
			children = (
				620FAF162870C27000D10200 /* Monopoly Helper.app */,
			);
			name = Products;
			sourceTree = "<group>";
		};
		620FAF182870C27000D10200 /* Monopoly Helper */ = {
			isa = PBXGroup;
			children = (
				627A2B632875ED9C00FB5000 /* Data */,
				620FAF272870C6B000D10200 /* Model */,
				620FAF642875E44600D10200 /* App */,
				620FAF282870C6B500D10200 /* View */,
				620FAF292870C6BA00D10200 /* Controller */,
				620FAF1D2870C27100D10200 /* Assets.xcassets */,
				620FAF1F2870C27100D10200 /* Preview Content */,
			);
			path = "Monopoly Helper";
			sourceTree = "<group>";
		};
		620FAF1F2870C27100D10200 /* Preview Content */ = {
			isa = PBXGroup;
			children = (
				620FAF202870C27100D10200 /* Preview Assets.xcassets */,
			);
			path = "Preview Content";
			sourceTree = "<group>";
		};
		620FAF272870C6B000D10200 /* Model */ = {
			isa = PBXGroup;
			children = (
				627A2B642875EDFA00FB5000 /* HousingModel.swift */,
				627A2B6A2875F61900FB5000 /* CardModel.swift */,
				627A2B7028761C4000FB5000 /* ChooserModel.swift */,
			);
			path = Model;
			sourceTree = "<group>";
		};
		620FAF282870C6B500D10200 /* View */ = {
			isa = PBXGroup;
			children = (
				620FAF652875E58000D10200 /* SettingsLabelView.swift */,
				620FAF672875E59C00D10200 /* SettingsRowView.swift */,
				627A2B6E28761B1000FB5000 /* StartButtonView.swift */,
				627A2B7428761EC500FB5000 /* ChooserCardView.swift */,
			);
			path = View;
			sourceTree = "<group>";
		};
		620FAF292870C6BA00D10200 /* Controller */ = {
			isa = PBXGroup;
			children = (
			);
			path = Controller;
			sourceTree = "<group>";
		};
		620FAF642875E44600D10200 /* App */ = {
			isa = PBXGroup;
			children = (
				620FAF192870C27000D10200 /* Monopoly_HelperApp.swift */,
				620FAF1B2870C27000D10200 /* Home.swift */,
				620FAF2A2870D01C00D10200 /* Chooser.swift */,
				620FAF692875E5D200D10200 /* SettingsView.swift */,
				627A2B76287628FD00FB5000 /* Bankruptcy.swift */,
				627A2B782876290E00FB5000 /* HouseApp.swift */,
				627A2B7A2876291C00FB5000 /* Mortgage.swift */,
				627A2B7C2876292800FB5000 /* Unmortgage.swift */,
			);
			path = App;
			sourceTree = "<group>";
		};
		627A2B632875ED9C00FB5000 /* Data */ = {
			isa = PBXGroup;
			children = (
				627A2B612875ED6100FB5000 /* HousingData.swift */,
				627A2B6C2875F6C500FB5000 /* CardData.swift */,
				627A2B7228761CBB00FB5000 /* ChooserData.swift */,
			);
			path = Data;
			sourceTree = "<group>";
		};
/* End PBXGroup section */

/* Begin PBXNativeTarget section */
		620FAF152870C27000D10200 /* Monopoly Helper */ = {
			isa = PBXNativeTarget;
			buildConfigurationList = 620FAF242870C27100D10200 /* Build configuration list for PBXNativeTarget "Monopoly Helper" */;
			buildPhases = (
				620FAF122870C27000D10200 /* Sources */,
				620FAF132870C27000D10200 /* Frameworks */,
				620FAF142870C27000D10200 /* Resources */,
			);
			buildRules = (
			);
			dependencies = (
			);
			name = "Monopoly Helper";
			productName = "Monopoly Helper";
			productReference = 620FAF162870C27000D10200 /* Monopoly Helper.app */;
			productType = "com.apple.product-type.application";
		};
/* End PBXNativeTarget section */

/* Begin PBXProject section */
		620FAF0E2870C27000D10200 /* Project object */ = {
			isa = PBXProject;
			attributes = {
				BuildIndependentTargetsInParallel = 1;
				LastSwiftUpdateCheck = 1340;
				LastUpgradeCheck = 1340;
				TargetAttributes = {
					620FAF152870C27000D10200 = {
						CreatedOnToolsVersion = 13.4.1;
					};
				};
			};
			buildConfigurationList = 620FAF112870C27000D10200 /* Build configuration list for PBXProject "Monopoly Helper" */;
			compatibilityVersion = "Xcode 13.0";
			developmentRegion = en;
			hasScannedForEncodings = 0;
			knownRegions = (
				en,
				Base,
			);
			mainGroup = 620FAF0D2870C27000D10200;
			productRefGroup = 620FAF172870C27000D10200 /* Products */;
			projectDirPath = "";
			projectRoot = "";
			targets = (
				620FAF152870C27000D10200 /* Monopoly Helper */,
			);
		};
/* End PBXProject section */

/* Begin PBXResourcesBuildPhase section */
		620FAF142870C27000D10200 /* Resources */ = {
			isa = PBXResourcesBuildPhase;
			buildActionMask = 2147483647;
			files = (
				620FAF212870C27100D10200 /* Preview Assets.xcassets in Resources */,
				620FAF1E2870C27100D10200 /* Assets.xcassets in Resources */,
			);
			runOnlyForDeploymentPostprocessing = 0;
		};
/* End PBXResourcesBuildPhase section */

/* Begin PBXSourcesBuildPhase section */
		620FAF122870C27000D10200 /* Sources */ = {
			isa = PBXSourcesBuildPhase;
			buildActionMask = 2147483647;
			files = (
				627A2B7528761EC500FB5000 /* ChooserCardView.swift in Sources */,
				620FAF1C2870C27000D10200 /* Home.swift in Sources */,
				627A2B7128761C4000FB5000 /* ChooserModel.swift in Sources */,
				620FAF2B2870D01C00D10200 /* Chooser.swift in Sources */,
				627A2B7D2876292800FB5000 /* Unmortgage.swift in Sources */,
				627A2B7B2876291C00FB5000 /* Mortgage.swift in Sources */,
				620FAF682875E59C00D10200 /* SettingsRowView.swift in Sources */,
				627A2B7328761CBB00FB5000 /* ChooserData.swift in Sources */,
				627A2B652875EDFA00FB5000 /* HousingModel.swift in Sources */,
				620FAF6A2875E5D200D10200 /* SettingsView.swift in Sources */,
				627A2B6D2875F6C500FB5000 /* CardData.swift in Sources */,
				627A2B77287628FD00FB5000 /* Bankruptcy.swift in Sources */,
				627A2B792876290E00FB5000 /* HouseApp.swift in Sources */,
				627A2B6B2875F61900FB5000 /* CardModel.swift in Sources */,
				620FAF662875E58000D10200 /* SettingsLabelView.swift in Sources */,
				627A2B6F28761B1000FB5000 /* StartButtonView.swift in Sources */,
				620FAF1A2870C27000D10200 /* Monopoly_HelperApp.swift in Sources */,
				627A2B622875ED6100FB5000 /* HousingData.swift in Sources */,
			);
			runOnlyForDeploymentPostprocessing = 0;
		};
/* End PBXSourcesBuildPhase section */

/* Begin XCBuildConfiguration section */
		620FAF222870C27100D10200 /* Debug */ = {
			isa = XCBuildConfiguration;
			buildSettings = {
				ALWAYS_SEARCH_USER_PATHS = NO;
				CLANG_ANALYZER_NONNULL = YES;
				CLANG_ANALYZER_NUMBER_OBJECT_CONVERSION = YES_AGGRESSIVE;
				CLANG_CXX_LANGUAGE_STANDARD = "gnu++17";
				CLANG_ENABLE_MODULES = YES;
				CLANG_ENABLE_OBJC_ARC = YES;
				CLANG_ENABLE_OBJC_WEAK = YES;
				CLANG_WARN_BLOCK_CAPTURE_AUTORELEASING = YES;
				CLANG_WARN_BOOL_CONVERSION = YES;
				CLANG_WARN_COMMA = YES;
				CLANG_WARN_CONSTANT_CONVERSION = YES;
				CLANG_WARN_DEPRECATED_OBJC_IMPLEMENTATIONS = YES;
				CLANG_WARN_DIRECT_OBJC_ISA_USAGE = YES_ERROR;
				CLANG_WARN_DOCUMENTATION_COMMENTS = YES;
				CLANG_WARN_EMPTY_BODY = YES;
				CLANG_WARN_ENUM_CONVERSION = YES;
				CLANG_WARN_INFINITE_RECURSION = YES;
				CLANG_WARN_INT_CONVERSION = YES;
				CLANG_WARN_NON_LITERAL_NULL_CONVERSION = YES;
				CLANG_WARN_OBJC_IMPLICIT_RETAIN_SELF = YES;
				CLANG_WARN_OBJC_LITERAL_CONVERSION = YES;
				CLANG_WARN_OBJC_ROOT_CLASS = YES_ERROR;
				CLANG_WARN_QUOTED_INCLUDE_IN_FRAMEWORK_HEADER = YES;
				CLANG_WARN_RANGE_LOOP_ANALYSIS = YES;
				CLANG_WARN_STRICT_PROTOTYPES = YES;
				CLANG_WARN_SUSPICIOUS_MOVE = YES;
				CLANG_WARN_UNGUARDED_AVAILABILITY = YES_AGGRESSIVE;
				CLANG_WARN_UNREACHABLE_CODE = YES;
				CLANG_WARN__DUPLICATE_METHOD_MATCH = YES;
				COPY_PHASE_STRIP = NO;
				DEBUG_INFORMATION_FORMAT = dwarf;
				ENABLE_STRICT_OBJC_MSGSEND = YES;
				ENABLE_TESTABILITY = YES;
				GCC_C_LANGUAGE_STANDARD = gnu11;
				GCC_DYNAMIC_NO_PIC = NO;
				GCC_NO_COMMON_BLOCKS = YES;
				GCC_OPTIMIZATION_LEVEL = 0;
				GCC_PREPROCESSOR_DEFINITIONS = (
					"DEBUG=1",
					"$(inherited)",
				);
				GCC_WARN_64_TO_32_BIT_CONVERSION = YES;
				GCC_WARN_ABOUT_RETURN_TYPE = YES_ERROR;
				GCC_WARN_UNDECLARED_SELECTOR = YES;
				GCC_WARN_UNINITIALIZED_AUTOS = YES_AGGRESSIVE;
				GCC_WARN_UNUSED_FUNCTION = YES;
				GCC_WARN_UNUSED_VARIABLE = YES;
				IPHONEOS_DEPLOYMENT_TARGET = 15.5;
				MTL_ENABLE_DEBUG_INFO = INCLUDE_SOURCE;
				MTL_FAST_MATH = YES;
				ONLY_ACTIVE_ARCH = YES;
				SDKROOT = iphoneos;
				SWIFT_ACTIVE_COMPILATION_CONDITIONS = DEBUG;
				SWIFT_OPTIMIZATION_LEVEL = "-Onone";
			};
			name = Debug;
		};
		620FAF232870C27100D10200 /* Release */ = {
			isa = XCBuildConfiguration;
			buildSettings = {
				ALWAYS_SEARCH_USER_PATHS = NO;
				CLANG_ANALYZER_NONNULL = YES;
				CLANG_ANALYZER_NUMBER_OBJECT_CONVERSION = YES_AGGRESSIVE;
				CLANG_CXX_LANGUAGE_STANDARD = "gnu++17";
				CLANG_ENABLE_MODULES = YES;
				CLANG_ENABLE_OBJC_ARC = YES;
				CLANG_ENABLE_OBJC_WEAK = YES;
				CLANG_WARN_BLOCK_CAPTURE_AUTORELEASING = YES;
				CLANG_WARN_BOOL_CONVERSION = YES;
				CLANG_WARN_COMMA = YES;
				CLANG_WARN_CONSTANT_CONVERSION = YES;
				CLANG_WARN_DEPRECATED_OBJC_IMPLEMENTATIONS = YES;
				CLANG_WARN_DIRECT_OBJC_ISA_USAGE = YES_ERROR;
				CLANG_WARN_DOCUMENTATION_COMMENTS = YES;
				CLANG_WARN_EMPTY_BODY = YES;
				CLANG_WARN_ENUM_CONVERSION = YES;
				CLANG_WARN_INFINITE_RECURSION = YES;
				CLANG_WARN_INT_CONVERSION = YES;
				CLANG_WARN_NON_LITERAL_NULL_CONVERSION = YES;
				CLANG_WARN_OBJC_IMPLICIT_RETAIN_SELF = YES;
				CLANG_WARN_OBJC_LITERAL_CONVERSION = YES;
				CLANG_WARN_OBJC_ROOT_CLASS = YES_ERROR;
				CLANG_WARN_QUOTED_INCLUDE_IN_FRAMEWORK_HEADER = YES;
				CLANG_WARN_RANGE_LOOP_ANALYSIS = YES;
				CLANG_WARN_STRICT_PROTOTYPES = YES;
				CLANG_WARN_SUSPICIOUS_MOVE = YES;
				CLANG_WARN_UNGUARDED_AVAILABILITY = YES_AGGRESSIVE;
				CLANG_WARN_UNREACHABLE_CODE = YES;
				CLANG_WARN__DUPLICATE_METHOD_MATCH = YES;
				COPY_PHASE_STRIP = NO;
				DEBUG_INFORMATION_FORMAT = "dwarf-with-dsym";
				ENABLE_NS_ASSERTIONS = NO;
				ENABLE_STRICT_OBJC_MSGSEND = YES;
				GCC_C_LANGUAGE_STANDARD = gnu11;
				GCC_NO_COMMON_BLOCKS = YES;
				GCC_WARN_64_TO_32_BIT_CONVERSION = YES;
				GCC_WARN_ABOUT_RETURN_TYPE = YES_ERROR;
				GCC_WARN_UNDECLARED_SELECTOR = YES;
				GCC_WARN_UNINITIALIZED_AUTOS = YES_AGGRESSIVE;
				GCC_WARN_UNUSED_FUNCTION = YES;
				GCC_WARN_UNUSED_VARIABLE = YES;
				IPHONEOS_DEPLOYMENT_TARGET = 15.5;
				MTL_ENABLE_DEBUG_INFO = NO;
				MTL_FAST_MATH = YES;
				SDKROOT = iphoneos;
				SWIFT_COMPILATION_MODE = wholemodule;
				SWIFT_OPTIMIZATION_LEVEL = "-O";
				VALIDATE_PRODUCT = YES;
			};
			name = Release;
		};
		620FAF252870C27100D10200 /* Debug */ = {
			isa = XCBuildConfiguration;
			buildSettings = {
				ASSETCATALOG_COMPILER_APPICON_NAME = AppIcon;
				ASSETCATALOG_COMPILER_GLOBAL_ACCENT_COLOR_NAME = AccentColor;
				CODE_SIGN_STYLE = Automatic;
				CURRENT_PROJECT_VERSION = 1;
				DEVELOPMENT_ASSET_PATHS = "\"Monopoly Helper/Preview Content\"";
				DEVELOPMENT_TEAM = T2P953SZ6K;
				ENABLE_PREVIEWS = YES;
				GENERATE_INFOPLIST_FILE = YES;
				INFOPLIST_KEY_UIApplicationSceneManifest_Generation = YES;
				INFOPLIST_KEY_UIApplicationSupportsIndirectInputEvents = YES;
				INFOPLIST_KEY_UILaunchScreen_Generation = YES;
				INFOPLIST_KEY_UISupportedInterfaceOrientations = UIInterfaceOrientationPortrait;
				INFOPLIST_KEY_UISupportedInterfaceOrientations_iPad = "UIInterfaceOrientationPortrait UIInterfaceOrientationPortraitUpsideDown UIInterfaceOrientationLandscapeLeft UIInterfaceOrientationLandscapeRight";
				INFOPLIST_KEY_UISupportedInterfaceOrientations_iPhone = "UIInterfaceOrientationPortrait UIInterfaceOrientationLandscapeLeft UIInterfaceOrientationLandscapeRight";
				LD_RUNPATH_SEARCH_PATHS = (
					"$(inherited)",
					"@executable_path/Frameworks",
				);
				MARKETING_VERSION = 1.0;
				PRODUCT_BUNDLE_IDENTIFIER = "com.econuoha.Monopoly-Helper";
				PRODUCT_NAME = "$(TARGET_NAME)";
				SWIFT_EMIT_LOC_STRINGS = YES;
				SWIFT_VERSION = 5.0;
				TARGETED_DEVICE_FAMILY = "1,2";
			};
			name = Debug;
		};
		620FAF262870C27100D10200 /* Release */ = {
			isa = XCBuildConfiguration;
			buildSettings = {
				ASSETCATALOG_COMPILER_APPICON_NAME = AppIcon;
				ASSETCATALOG_COMPILER_GLOBAL_ACCENT_COLOR_NAME = AccentColor;
				CODE_SIGN_STYLE = Automatic;
				CURRENT_PROJECT_VERSION = 1;
				DEVELOPMENT_ASSET_PATHS = "\"Monopoly Helper/Preview Content\"";
				DEVELOPMENT_TEAM = T2P953SZ6K;
				ENABLE_PREVIEWS = YES;
				GENERATE_INFOPLIST_FILE = YES;
				INFOPLIST_KEY_UIApplicationSceneManifest_Generation = YES;
				INFOPLIST_KEY_UIApplicationSupportsIndirectInputEvents = YES;
				INFOPLIST_KEY_UILaunchScreen_Generation = YES;
				INFOPLIST_KEY_UISupportedInterfaceOrientations = UIInterfaceOrientationPortrait;
				INFOPLIST_KEY_UISupportedInterfaceOrientations_iPad = "UIInterfaceOrientationPortrait UIInterfaceOrientationPortraitUpsideDown UIInterfaceOrientationLandscapeLeft UIInterfaceOrientationLandscapeRight";
				INFOPLIST_KEY_UISupportedInterfaceOrientations_iPhone = "UIInterfaceOrientationPortrait UIInterfaceOrientationLandscapeLeft UIInterfaceOrientationLandscapeRight";
				LD_RUNPATH_SEARCH_PATHS = (
					"$(inherited)",
					"@executable_path/Frameworks",
				);
				MARKETING_VERSION = 1.0;
				PRODUCT_BUNDLE_IDENTIFIER = "com.econuoha.Monopoly-Helper";
				PRODUCT_NAME = "$(TARGET_NAME)";
				SWIFT_EMIT_LOC_STRINGS = YES;
				SWIFT_VERSION = 5.0;
				TARGETED_DEVICE_FAMILY = "1,2";
			};
			name = Release;
		};
/* End XCBuildConfiguration section */

/* Begin XCConfigurationList section */
		620FAF112870C27000D10200 /* Build configuration list for PBXProject "Monopoly Helper" */ = {
			isa = XCConfigurationList;
			buildConfigurations = (
				620FAF222870C27100D10200 /* Debug */,
				620FAF232870C27100D10200 /* Release */,
			);
			defaultConfigurationIsVisible = 0;
			defaultConfigurationName = Release;
		};
		620FAF242870C27100D10200 /* Build configuration list for PBXNativeTarget "Monopoly Helper" */ = {
			isa = XCConfigurationList;
			buildConfigurations = (
				620FAF252870C27100D10200 /* Debug */,
				620FAF262870C27100D10200 /* Release */,
			);
			defaultConfigurationIsVisible = 0;
			defaultConfigurationName = Release;
		};
/* End XCConfigurationList section */
	};
	rootObject = 620FAF0E2870C27000D10200 /* Project object */;
}
